
Microsoft Visual Studio Solution File, Format Version 12.00
# Visual Studio Version 17
VisualStudioVersion = 17.1.32319.34
MinimumVisualStudioVersion = 10.0.40219.1
Project("{FAE04EC0-301F-11D3-BF4B-00C04F79EFBC}") = "Task1", "SkillBoxTask4\Task1.csproj", "{D0A225B2-69FC-47E1-91BE-9A1E37A910FF}"
EndProject
Project("{FAE04EC0-301F-11D3-BF4B-00C04F79EFBC}") = "Task2", "Task2\Task2.csproj", "{1ABD0393-5B11-49E3-856A-7A25BF1FDAED}"
EndProject
Project("{FAE04EC0-301F-11D3-BF4B-00C04F79EFBC}") = "Task3", "Task3\Task3.csproj", "{D609C8AC-4910-41AE-AB22-F77BF17562B4}"
EndProject
Global
	GlobalSection(SolutionConfigurationPlatforms) = preSolution
		Debug|Any CPU = Debug|Any CPU
		Release|Any CPU = Release|Any CPU
	EndGlobalSection
	GlobalSection(ProjectConfigurationPlatforms) = postSolution
		{D0A225B2-69FC-47E1-91BE-9A1E37A910FF}.Debug|Any CPU.ActiveCfg = Debug|Any CPU
		{D0A225B2-69FC-47E1-91BE-9A1E37A910FF}.Debug|Any CPU.Build.0 = Debug|Any CPU
		{D0A225B2-69FC-47E1-91BE-9A1E37A910FF}.Release|Any CPU.ActiveCfg = Release|Any CPU
		{D0A225B2-69FC-47E1-91BE-9A1E37A910FF}.Release|Any CPU.Build.0 = Release|Any CPU
		{1ABD0393-5B11-49E3-856A-7A25BF1FDAED}.Debug|Any CPU.ActiveCfg = Debug|Any CPU
		{1ABD0393-5B11-49E3-856A-7A25BF1FDAED}.Debug|Any CPU.Build.0 = Debug|Any CPU
		{1ABD0393-5B11-49E3-856A-7A25BF1FDAED}.Release|Any CPU.ActiveCfg = Release|Any CPU
		{1ABD0393-5B11-49E3-856A-7A25BF1FDAED}.Release|Any CPU.Build.0 = Release|Any CPU
		{D609C8AC-4910-41AE-AB22-F77BF17562B4}.Debug|Any CPU.ActiveCfg = Debug|Any CPU
		{D609C8AC-4910-41AE-AB22-F77BF17562B4}.Debug|Any CPU.Build.0 = Debug|Any CPU
		{D609C8AC-4910-41AE-AB22-F77BF17562B4}.Release|Any CPU.ActiveCfg = Release|Any CPU
		{D609C8AC-4910-41AE-AB22-F77BF17562B4}.Release|Any CPU.Build.0 = Release|Any CPU
	EndGlobalSection
	GlobalSection(SolutionProperties) = preSolution
		HideSolutionNode = FALSE
	EndGlobalSection
	GlobalSection(ExtensibilityGlobals) = postSolution
		SolutionGuid = {0C708983-C20D-4DB1-8027-0987130CAAC0}
	EndGlobalSection
EndGlobal
