
Microsoft Visual Studio Solution File, Format Version 12.00
# Visual Studio Version 17
VisualStudioVersion = 17.1.32319.34
MinimumVisualStudioVersion = 10.0.40219.1
Project("{9A19103F-16F7-4668-BE54-9A1E7A4F7556}") = "Task1", "Task1\Task1.csproj", "{C9B31E3B-3C03-4C28-AB62-39AB234BBD48}"
EndProject
Project("{9A19103F-16F7-4668-BE54-9A1E7A4F7556}") = "Task2", "Task2\Task2.csproj", "{6218EF9D-90FF-4D50-B167-E3264A99B80D}"
EndProject
Project("{FAE04EC0-301F-11D3-BF4B-00C04F79EFBC}") = "Task3", "Task3\Task3.csproj", "{C8158CE1-DBE3-41A0-91F4-2B56F68040D4}"
EndProject
Global
	GlobalSection(SolutionConfigurationPlatforms) = preSolution
		Debug|Any CPU = Debug|Any CPU
		Release|Any CPU = Release|Any CPU
	EndGlobalSection
	GlobalSection(ProjectConfigurationPlatforms) = postSolution
		{C9B31E3B-3C03-4C28-AB62-39AB234BBD48}.Debug|Any CPU.ActiveCfg = Debug|Any CPU
		{C9B31E3B-3C03-4C28-AB62-39AB234BBD48}.Debug|Any CPU.Build.0 = Debug|Any CPU
		{C9B31E3B-3C03-4C28-AB62-39AB234BBD48}.Release|Any CPU.ActiveCfg = Release|Any CPU
		{C9B31E3B-3C03-4C28-AB62-39AB234BBD48}.Release|Any CPU.Build.0 = Release|Any CPU
		{6218EF9D-90FF-4D50-B167-E3264A99B80D}.Debug|Any CPU.ActiveCfg = Debug|Any CPU
		{6218EF9D-90FF-4D50-B167-E3264A99B80D}.Debug|Any CPU.Build.0 = Debug|Any CPU
		{6218EF9D-90FF-4D50-B167-E3264A99B80D}.Release|Any CPU.ActiveCfg = Release|Any CPU
		{6218EF9D-90FF-4D50-B167-E3264A99B80D}.Release|Any CPU.Build.0 = Release|Any CPU
		{C8158CE1-DBE3-41A0-91F4-2B56F68040D4}.Debug|Any CPU.ActiveCfg = Debug|Any CPU
		{C8158CE1-DBE3-41A0-91F4-2B56F68040D4}.Debug|Any CPU.Build.0 = Debug|Any CPU
		{C8158CE1-DBE3-41A0-91F4-2B56F68040D4}.Release|Any CPU.ActiveCfg = Release|Any CPU
		{C8158CE1-DBE3-41A0-91F4-2B56F68040D4}.Release|Any CPU.Build.0 = Release|Any CPU
	EndGlobalSection
	GlobalSection(SolutionProperties) = preSolution
		HideSolutionNode = FALSE
	EndGlobalSection
	GlobalSection(ExtensibilityGlobals) = postSolution
		SolutionGuid = {1C9EF0D1-D2BA-4934-8D41-90EED5562330}
	EndGlobalSection
EndGlobal
